
Microsoft Visual Studio Solution File, Format Version 12.00
# Visual Studio Version 17
VisualStudioVersion = 17.14.36401.2 d17.14
MinimumVisualStudioVersion = 10.0.40219.1
Project("{FAE04EC0-301F-11D3-BF4B-00C04F79EFBC}") = "InSureX", "InSureX\InSureX.csproj", "{8D2FA212-8592-4B19-9BAC-2436AE829E5A}"
EndProject
Global
	GlobalSection(SolutionConfigurationPlatforms) = preSolution
		Debug|Any CPU = Debug|Any CPU
		Release|Any CPU = Release|Any CPU
	EndGlobalSection
	GlobalSection(ProjectConfigurationPlatforms) = postSolution
		{8D2FA212-8592-4B19-9BAC-2436AE829E5A}.Debug|Any CPU.ActiveCfg = Debug|Any CPU
		{8D2FA212-8592-4B19-9BAC-2436AE829E5A}.Debug|Any CPU.Build.0 = Debug|Any CPU
		{8D2FA212-8592-4B19-9BAC-2436AE829E5A}.Release|Any CPU.ActiveCfg = Release|Any CPU
		{8D2FA212-8592-4B19-9BAC-2436AE829E5A}.Release|Any CPU.Build.0 = Release|Any CPU
	EndGlobalSection
	GlobalSection(SolutionProperties) = preSolution
		HideSolutionNode = FALSE
	EndGlobalSection
	GlobalSection(ExtensibilityGlobals) = postSolution
		SolutionGuid = {3F6DA3F6-438F-448A-90A7-73C2C5A83F74}
	EndGlobalSection
EndGlobal
